
Microsoft Visual Studio Solution File, Format Version 12.00
# Visual Studio Version 17
VisualStudioVersion = 17.8.34322.80
MinimumVisualStudioVersion = 10.0.40219.1
Project("{9A19103F-16F7-4668-BE54-9A1E7A4F7556}") = "SDO.ConsoleApp.ModelsTest", "SDO.ConsoleApp.ModelsTest\SDO.ConsoleApp.ModelsTest.csproj", "{D5363394-E1B6-48C2-A684-2CEFF9C6C47A}"
EndProject
Project("{9A19103F-16F7-4668-BE54-9A1E7A4F7556}") = "SDO.Infrastructure.Sql", "SDO.Infrastructure.Sql\SDO.Infrastructure.Sql.csproj", "{5AFA64FC-45A5-4DD7-883F-AE0656E8469E}"
EndProject
Project("{2150E333-8FDC-42A3-9474-1A3956D46DE8}") = "Infrastructures", "Infrastructures", "{DE2BD1FC-0A19-41C6-B4BE-611A10D82456}"
EndProject
Project("{2150E333-8FDC-42A3-9474-1A3956D46DE8}") = "src", "src", "{F920ED42-B8F5-4EF0-BD76-A7F1EAAD7183}"
EndProject
Project("{2150E333-8FDC-42A3-9474-1A3956D46DE8}") = "Applications", "Applications", "{C4ED96E7-9520-4FCD-A312-23A742E39531}"
EndProject
Project("{2150E333-8FDC-42A3-9474-1A3956D46DE8}") = "Functions", "Functions", "{48B86C08-0846-4EB2-82D5-E0BB816124E3}"
EndProject
Project("{9A19103F-16F7-4668-BE54-9A1E7A4F7556}") = "SDO.Function.ReadFileAndCopy", "SDO.Function.ReadFileAndCopy\SDO.Function.ReadFileAndCopy.csproj", "{81F605E0-15A8-4AC8-A947-C698301F199E}"
EndProject
Project("{9A19103F-16F7-4668-BE54-9A1E7A4F7556}") = "SDO.Function.CreateParquet", "SDO.Function.CreateParquet\SDO.Function.CreateParquet.csproj", "{895456AE-C016-4A66-AB6D-2B97CB406FD5}"
EndProject
Project("{2150E333-8FDC-42A3-9474-1A3956D46DE8}") = "Business", "Business", "{4D8E4974-E312-4EA4-BE93-5F81A6F51EDE}"
EndProject
Project("{2150E333-8FDC-42A3-9474-1A3956D46DE8}") = "SDO.Business", "SDO.Business", "{78F9B314-7514-4B6E-853F-A130082141C5}"
EndProject
Project("{FAE04EC0-301F-11D3-BF4B-00C04F79EFBC}") = "SDO.Controls", "SDO.Controls\SDO.Controls.csproj", "{5E88E58D-C836-4FAC-B944-E721DB30256E}"
EndProject
Global
	GlobalSection(SolutionConfigurationPlatforms) = preSolution
		Debug|Any CPU = Debug|Any CPU
		Release|Any CPU = Release|Any CPU
	EndGlobalSection
	GlobalSection(ProjectConfigurationPlatforms) = postSolution
		{D5363394-E1B6-48C2-A684-2CEFF9C6C47A}.Debug|Any CPU.ActiveCfg = Debug|Any CPU
		{D5363394-E1B6-48C2-A684-2CEFF9C6C47A}.Debug|Any CPU.Build.0 = Debug|Any CPU
		{D5363394-E1B6-48C2-A684-2CEFF9C6C47A}.Release|Any CPU.ActiveCfg = Release|Any CPU
		{D5363394-E1B6-48C2-A684-2CEFF9C6C47A}.Release|Any CPU.Build.0 = Release|Any CPU
		{5AFA64FC-45A5-4DD7-883F-AE0656E8469E}.Debug|Any CPU.ActiveCfg = Debug|Any CPU
		{5AFA64FC-45A5-4DD7-883F-AE0656E8469E}.Debug|Any CPU.Build.0 = Debug|Any CPU
		{5AFA64FC-45A5-4DD7-883F-AE0656E8469E}.Release|Any CPU.ActiveCfg = Release|Any CPU
		{5AFA64FC-45A5-4DD7-883F-AE0656E8469E}.Release|Any CPU.Build.0 = Release|Any CPU
		{81F605E0-15A8-4AC8-A947-C698301F199E}.Debug|Any CPU.ActiveCfg = Debug|Any CPU
		{81F605E0-15A8-4AC8-A947-C698301F199E}.Debug|Any CPU.Build.0 = Debug|Any CPU
		{81F605E0-15A8-4AC8-A947-C698301F199E}.Release|Any CPU.ActiveCfg = Release|Any CPU
		{81F605E0-15A8-4AC8-A947-C698301F199E}.Release|Any CPU.Build.0 = Release|Any CPU
		{895456AE-C016-4A66-AB6D-2B97CB406FD5}.Debug|Any CPU.ActiveCfg = Debug|Any CPU
		{895456AE-C016-4A66-AB6D-2B97CB406FD5}.Debug|Any CPU.Build.0 = Debug|Any CPU
		{895456AE-C016-4A66-AB6D-2B97CB406FD5}.Release|Any CPU.ActiveCfg = Release|Any CPU
		{895456AE-C016-4A66-AB6D-2B97CB406FD5}.Release|Any CPU.Build.0 = Release|Any CPU
		{5E88E58D-C836-4FAC-B944-E721DB30256E}.Debug|Any CPU.ActiveCfg = Debug|Any CPU
		{5E88E58D-C836-4FAC-B944-E721DB30256E}.Debug|Any CPU.Build.0 = Debug|Any CPU
		{5E88E58D-C836-4FAC-B944-E721DB30256E}.Release|Any CPU.ActiveCfg = Release|Any CPU
		{5E88E58D-C836-4FAC-B944-E721DB30256E}.Release|Any CPU.Build.0 = Release|Any CPU
	EndGlobalSection
	GlobalSection(SolutionProperties) = preSolution
		HideSolutionNode = FALSE
	EndGlobalSection
	GlobalSection(NestedProjects) = preSolution
		{D5363394-E1B6-48C2-A684-2CEFF9C6C47A} = {C4ED96E7-9520-4FCD-A312-23A742E39531}
		{5AFA64FC-45A5-4DD7-883F-AE0656E8469E} = {DE2BD1FC-0A19-41C6-B4BE-611A10D82456}
		{DE2BD1FC-0A19-41C6-B4BE-611A10D82456} = {F920ED42-B8F5-4EF0-BD76-A7F1EAAD7183}
		{C4ED96E7-9520-4FCD-A312-23A742E39531} = {F920ED42-B8F5-4EF0-BD76-A7F1EAAD7183}
		{48B86C08-0846-4EB2-82D5-E0BB816124E3} = {F920ED42-B8F5-4EF0-BD76-A7F1EAAD7183}
		{81F605E0-15A8-4AC8-A947-C698301F199E} = {48B86C08-0846-4EB2-82D5-E0BB816124E3}
		{895456AE-C016-4A66-AB6D-2B97CB406FD5} = {48B86C08-0846-4EB2-82D5-E0BB816124E3}
		{4D8E4974-E312-4EA4-BE93-5F81A6F51EDE} = {F920ED42-B8F5-4EF0-BD76-A7F1EAAD7183}
		{78F9B314-7514-4B6E-853F-A130082141C5} = {4D8E4974-E312-4EA4-BE93-5F81A6F51EDE}
		{5E88E58D-C836-4FAC-B944-E721DB30256E} = {78F9B314-7514-4B6E-853F-A130082141C5}
	EndGlobalSection
	GlobalSection(ExtensibilityGlobals) = postSolution
		SolutionGuid = {64C3D95E-99ED-4CC4-9D19-1EBCE7837749}
	EndGlobalSection
EndGlobal
